
Microsoft Visual Studio Solution File, Format Version 12.00
# Visual Studio 14
VisualStudioVersion = 14.0.24720.0
MinimumVisualStudioVersion = 10.0.40219.1
Project("{FAE04EC0-301F-11D3-BF4B-00C04F79EFBC}") = "BridgeReactTutorial", "BridgeReactTutorial\BridgeReactTutorial.csproj", "{589A5169-4179-4CA2-BA65-946DD3CE210F}"
EndProject
Global
	GlobalSection(SolutionConfigurationPlatforms) = preSolution
		Debug|Any CPU = Debug|Any CPU
		Release|Any CPU = Release|Any CPU
	EndGlobalSection
	GlobalSection(ProjectConfigurationPlatforms) = postSolution
		{589A5169-4179-4CA2-BA65-946DD3CE210F}.Debug|Any CPU.ActiveCfg = Debug|Any CPU
		{589A5169-4179-4CA2-BA65-946DD3CE210F}.Debug|Any CPU.Build.0 = Debug|Any CPU
		{589A5169-4179-4CA2-BA65-946DD3CE210F}.Release|Any CPU.ActiveCfg = Release|Any CPU
		{589A5169-4179-4CA2-BA65-946DD3CE210F}.Release|Any CPU.Build.0 = Release|Any CPU
	EndGlobalSection
	GlobalSection(SolutionProperties) = preSolution
		HideSolutionNode = FALSE
	EndGlobalSection
EndGlobal
